github.com/davecgh/go-spew v1.1.1 h1:vj9j/u1bqnvCEfJOwUhtlOARqs3+rkHYY13jYWTU97c=
github.com/davecgh/go-spew v1.1.1/go.mod h1:J7Y8YcW2NihsgmVo/mv3lAwl/skON4iLHjSsI+c5H38=
github.com/google/go-cmp v0.6.0 h1:ofyhxvXcZhMsU5ulbFiLKl/XBFqE1GSq7atu8tAmTRI=
github.com/google/go-cmp v0.6.0/go.mod h1:17dUlkBOakJ0+DkrSSNjCkIjxS6bF9zb3elmeNGIjoY=
github.com/mattn/go-sqlite3 v1.14.18 h1:JL0eqdCOq6DJVNPSvArO/bIV9/P7fbGrV00LZHc+5aI=
github.com/mattn/go-sqlite3 v1.14.18/go.mod h1:2eHXhiwb8IkHr+BDWZGa96P6+rkvnG63S2DGjv9HUNg=
github.com/mikeschinkel/go-diffator v0.0.0-20240106010639-56550da6a1bd h1:7sekfxlY0njRCHf4NdfMvCKQUYucdZHPNqdKn5BJ7zU=
github.com/mikeschinkel/go-diffator v0.0.0-20240106010639-56550da6a1bd/go.mod h1:TEV/sGeySOLWi1S16Xj1J8PCPCxKwGWILb9EBCHZ/u0=
github.com/mikeschinkel/go-lib v0.0.0-20240106005120-5f93962a57d4 h1:mJqb2eVf4gykvyNOIRDRskYnkEFm3bumc3vEdqWa9es=
github.com/mikeschinkel/go-lib v0.0.0-20240106005120-5f93962a57d4/go.mod h1:HmJP4+kZDbZHHvuhFVlzVCRLy54grOQhtmUzZ67aLDs=
github.com/mikeschinkel/go-serr v0.0.0-20240112223223-08179a0d1bf3 h1:CoBbbKBw0lbjVJjIHXeQb+MSa6OJ6QdG4rp2rtRYMWA=
github.com/mikeschinkel/go-serr v0.0.0-20240112223223-08179a0d1bf3/go.mod h1:cFyVvKUwim+JaBrF6uskvELManGlbgr+LunGckm4K04=
github.com/mikeschinkel/go-typegen v0.0.0-20240106010707-8f0e75836cdb h1:WmYGiDOFfEThE09INBExUEa0wdajun5a7hXJN8lWfpU=
github.com/mikeschinkel/go-typegen v0.0.0-20240106010707-8f0e75836cdb/go.mod h1:yK6uJPEIHExXBq+bHNZbOVi6qSXgaACsRW35xwgF/W8=
github.com/pmezard/go-difflib v1.0.0 h1:4DBwDE0NGyQoBHbLQYPwSUPoCMWR5BEzIk/f1lZbAQM=
github.com/pmezard/go-difflib v1.0.0/go.mod h1:iKH77koFhYxTK1pcRnkKkqfTogsbg7gZNVY4sRDYZ/4=
github.com/stretchr/testify v1.8.4 h1:CcVxjf3Q8PM0mHUKJCdn+eZZtm5yQwehR5yeSVQQcUk=
github.com/stretchr/testify v1.8.4/go.mod h1:sz/lmYIOXD/1dqDmKjjqLyZ2RngseejIcXlSw2iwfAo=
golang.org/x/mod v0.14.0 h1:dGoOF9QVLYng8IHTm7BAyWqCqSheQ5pYWGhzW00YJr0=
golang.org/x/mod v0.14.0/go.mod h1:hTbmBsO62+eylJbnUtE2MGJUyE7QWk4xUqPFrRgJ+7c=
golang.org/x/sync v0.5.0 h1:60k92dhOjHxJkrqnwsfl8KuaHbn/5dl0lUPUklKo3qE=
golang.org/x/sync v0.5.0/go.mod h1:Czt+wKu1gCyEFDUtn0jG5QVvpJ6rzVqr5aXyt9drQfk=
gopkg.in/yaml.v3 v3.0.1 h1:fxVm/GzAzEWqLHuvctI91KS9hhNmmWOoWu0XTYJS7CA=
gopkg.in/yaml.v3 v3.0.1/go.mod h1:K4uyk7z7BCEPqu6E+C64Yfv1cQ7kz7rIZviUmN+EgEM=
